
Microsoft Visual Studio Solution File, Format Version 12.00
# Visual Studio Version 17
VisualStudioVersion = 17.3.32922.545
MinimumVisualStudioVersion = 10.0.40219.1
Project("{FAE04EC0-301F-11D3-BF4B-00C04F79EFBC}") = "Chess", "Chess.csproj", "{98017329-12C1-4415-B6AC-57AB97B8C22E}"
EndProject
Global
	GlobalSection(SolutionConfigurationPlatforms) = preSolution
		Debug|Any CPU = Debug|Any CPU
		Release|Any CPU = Release|Any CPU
	EndGlobalSection
	GlobalSection(ProjectConfigurationPlatforms) = postSolution
		{98017329-12C1-4415-B6AC-57AB97B8C22E}.Debug|Any CPU.ActiveCfg = Debug|Any CPU
		{98017329-12C1-4415-B6AC-57AB97B8C22E}.Debug|Any CPU.Build.0 = Debug|Any CPU
		{98017329-12C1-4415-B6AC-57AB97B8C22E}.Release|Any CPU.ActiveCfg = Release|Any CPU
		{98017329-12C1-4415-B6AC-57AB97B8C22E}.Release|Any CPU.Build.0 = Release|Any CPU
	EndGlobalSection
	GlobalSection(SolutionProperties) = preSolution
		HideSolutionNode = FALSE
	EndGlobalSection
	GlobalSection(ExtensibilityGlobals) = postSolution
		SolutionGuid = {E11F4132-FC8F-4B33-8FC2-48B8CFBA3F4A}
	EndGlobalSection
EndGlobal
